
Microsoft Visual Studio Solution File, Format Version 12.00
# Visual Studio Version 17
VisualStudioVersion = 17.5.33516.290
MinimumVisualStudioVersion = 10.0.40219.1
Project("{2150E333-8FDC-42A3-9474-1A3956D46DE8}") = "Solution Items", "Solution Items", "{49829A6C-4C45-4626-8E8D-EF6397DC97CB}"
	ProjectSection(SolutionItems) = preProject
		src\docker-compose.override.yml = src\docker-compose.override.yml
		src\docker-compose.yml = src\docker-compose.yml
		global.json = global.json
		README.md = README.md
		scratch.md = scratch.md
	EndProjectSection
EndProject
Project("{2150E333-8FDC-42A3-9474-1A3956D46DE8}") = "src", "src", "{9D3A40BB-FAAB-4C81-819D-353DD9A51272}"
EndProject
Project("{2150E333-8FDC-42A3-9474-1A3956D46DE8}") = "tests", "tests", "{6F457ACB-EF9D-4F9B-858C-2A7DA1106128}"
EndProject
Project("{2150E333-8FDC-42A3-9474-1A3956D46DE8}") = "ApiGateways", "ApiGateways", "{CAE6DC01-A981-480D-859F-C38BECC2A9EE}"
EndProject
Project("{2150E333-8FDC-42A3-9474-1A3956D46DE8}") = "BuildingBlocks", "BuildingBlocks", "{9003D5B5-4A71-4746-85F0-66A7F2670017}"
EndProject
Project("{2150E333-8FDC-42A3-9474-1A3956D46DE8}") = "Services", "Services", "{B593B172-E5F4-493B-AE66-7FFC37862A93}"
EndProject
Project("{2150E333-8FDC-42A3-9474-1A3956D46DE8}") = "WebApps", "WebApps", "{076A54BD-F8DD-417D-BEAA-B78A24F419FB}"
EndProject
Project("{9A19103F-16F7-4668-BE54-9A1E7A4F7556}") = "Common.Logging", "src\BuildingBlocks\Common.Logging\Common.Logging.csproj", "{0D61F280-CB0E-4DC5-9683-56DBCA93435D}"
EndProject
Project("{9A19103F-16F7-4668-BE54-9A1E7A4F7556}") = "EventBus.Messages", "src\BuildingBlocks\EventBus.Messages\EventBus.Messages.csproj", "{5422C622-C022-4837-A679-D63820B9F9A9}"
EndProject
Project("{2150E333-8FDC-42A3-9474-1A3956D46DE8}") = "Product", "Product", "{3AB31BD4-5E99-4085-8C10-7635B8BF8659}"
EndProject
Project("{2150E333-8FDC-42A3-9474-1A3956D46DE8}") = "Customer", "Customer", "{5DBDAFFF-1C0C-4A64-91CC-BF6496BDDB86}"
EndProject
Project("{2150E333-8FDC-42A3-9474-1A3956D46DE8}") = "Basket", "Basket", "{D36466C4-6CC5-420C-BB4F-754817D2E782}"
EndProject
Project("{2150E333-8FDC-42A3-9474-1A3956D46DE8}") = "Ordering", "Ordering", "{892EC716-0AD3-483C-BE97-B67A21938B98}"
EndProject
Project("{2150E333-8FDC-42A3-9474-1A3956D46DE8}") = "Inventory", "Inventory", "{9AD52F97-2FB3-4256-9750-A7F509C066CF}"
EndProject
Project("{2150E333-8FDC-42A3-9474-1A3956D46DE8}") = "ScheduledJob", "ScheduledJob", "{45026BDF-D3D9-4821-A8A1-F6BC66BB7914}"
EndProject
Project("{9A19103F-16F7-4668-BE54-9A1E7A4F7556}") = "WebHealthStatus", "src\WebApps\WebHealthStatus\WebHealthStatus.csproj", "{6F03A5FF-7C96-478E-B120-CFBC12EC64B2}"
EndProject
Project("{9A19103F-16F7-4668-BE54-9A1E7A4F7556}") = "Basket.API", "src\Services\Basket.API\Basket.API.csproj", "{9C8EAE4A-B78F-40FC-9413-829DB05C8CD3}"
EndProject
Project("{9A19103F-16F7-4668-BE54-9A1E7A4F7556}") = "Customer.API", "src\Services\Customer.API\Customer.API.csproj", "{40DC9575-B41A-42D0-8E50-B2FDADA77C2C}"
EndProject
Project("{9A19103F-16F7-4668-BE54-9A1E7A4F7556}") = "Inventory.Product.API", "src\Services\Inventory.Product.API\Inventory.Product.API.csproj", "{95B5D422-8A09-4FF9-8185-BE4053D36E31}"
EndProject
Project("{9A19103F-16F7-4668-BE54-9A1E7A4F7556}") = "Ordering.API", "src\Services\Ordering.API\Ordering.API.csproj", "{2F537A13-F8F2-407E-958C-92BE4CEED132}"
EndProject
Project("{9A19103F-16F7-4668-BE54-9A1E7A4F7556}") = "Product.API", "src\Services\Product.API\Product.API.csproj", "{BF4CC6AD-6936-4504-85CA-55DECBE87AD4}"
EndProject
Project("{9A19103F-16F7-4668-BE54-9A1E7A4F7556}") = "Hangfire.API", "src\Services\Hangfire.API\Hangfire.API.csproj", "{573B8C6D-3ED6-4770-B615-3AB84E70ADA4}"
EndProject
Project("{9A19103F-16F7-4668-BE54-9A1E7A4F7556}") = "Contracts", "src\BuildingBlocks\Contracts\Contracts.csproj", "{31943662-0057-49AF-8105-14AE03AFE2E9}"
EndProject
Project("{9A19103F-16F7-4668-BE54-9A1E7A4F7556}") = "Infrastructure", "src\BuildingBlocks\Infrastructure\Infrastructure.csproj", "{AE0E5180-0C0B-4489-BEC0-BF66F4EF5F6E}"
EndProject
Project("{9A19103F-16F7-4668-BE54-9A1E7A4F7556}") = "Shared", "src\BuildingBlocks\Shared\Shared.csproj", "{C5920E48-2F46-42DB-B0AC-3781D06AA53D}"
EndProject
Project("{9A19103F-16F7-4668-BE54-9A1E7A4F7556}") = "OcelotApiGw", "src\ApiGateways\OcelotApiGw\OcelotApiGw.csproj", "{95FC8A80-1161-4B9C-9955-493930467BBF}"
EndProject
Global
	GlobalSection(SolutionConfigurationPlatforms) = preSolution
		Debug|Any CPU = Debug|Any CPU
		Release|Any CPU = Release|Any CPU
	EndGlobalSection
	GlobalSection(ProjectConfigurationPlatforms) = postSolution
		{0D61F280-CB0E-4DC5-9683-56DBCA93435D}.Debug|Any CPU.ActiveCfg = Debug|Any CPU
		{0D61F280-CB0E-4DC5-9683-56DBCA93435D}.Debug|Any CPU.Build.0 = Debug|Any CPU
		{0D61F280-CB0E-4DC5-9683-56DBCA93435D}.Release|Any CPU.ActiveCfg = Release|Any CPU
		{0D61F280-CB0E-4DC5-9683-56DBCA93435D}.Release|Any CPU.Build.0 = Release|Any CPU
		{5422C622-C022-4837-A679-D63820B9F9A9}.Debug|Any CPU.ActiveCfg = Debug|Any CPU
		{5422C622-C022-4837-A679-D63820B9F9A9}.Debug|Any CPU.Build.0 = Debug|Any CPU
		{5422C622-C022-4837-A679-D63820B9F9A9}.Release|Any CPU.ActiveCfg = Release|Any CPU
		{5422C622-C022-4837-A679-D63820B9F9A9}.Release|Any CPU.Build.0 = Release|Any CPU
		{6F03A5FF-7C96-478E-B120-CFBC12EC64B2}.Debug|Any CPU.ActiveCfg = Debug|Any CPU
		{6F03A5FF-7C96-478E-B120-CFBC12EC64B2}.Debug|Any CPU.Build.0 = Debug|Any CPU
		{6F03A5FF-7C96-478E-B120-CFBC12EC64B2}.Release|Any CPU.ActiveCfg = Release|Any CPU
		{6F03A5FF-7C96-478E-B120-CFBC12EC64B2}.Release|Any CPU.Build.0 = Release|Any CPU
		{9C8EAE4A-B78F-40FC-9413-829DB05C8CD3}.Debug|Any CPU.ActiveCfg = Debug|Any CPU
		{9C8EAE4A-B78F-40FC-9413-829DB05C8CD3}.Debug|Any CPU.Build.0 = Debug|Any CPU
		{9C8EAE4A-B78F-40FC-9413-829DB05C8CD3}.Release|Any CPU.ActiveCfg = Release|Any CPU
		{9C8EAE4A-B78F-40FC-9413-829DB05C8CD3}.Release|Any CPU.Build.0 = Release|Any CPU
		{40DC9575-B41A-42D0-8E50-B2FDADA77C2C}.Debug|Any CPU.ActiveCfg = Debug|Any CPU
		{40DC9575-B41A-42D0-8E50-B2FDADA77C2C}.Debug|Any CPU.Build.0 = Debug|Any CPU
		{40DC9575-B41A-42D0-8E50-B2FDADA77C2C}.Release|Any CPU.ActiveCfg = Release|Any CPU
		{40DC9575-B41A-42D0-8E50-B2FDADA77C2C}.Release|Any CPU.Build.0 = Release|Any CPU
		{95B5D422-8A09-4FF9-8185-BE4053D36E31}.Debug|Any CPU.ActiveCfg = Debug|Any CPU
		{95B5D422-8A09-4FF9-8185-BE4053D36E31}.Debug|Any CPU.Build.0 = Debug|Any CPU
		{95B5D422-8A09-4FF9-8185-BE4053D36E31}.Release|Any CPU.ActiveCfg = Release|Any CPU
		{95B5D422-8A09-4FF9-8185-BE4053D36E31}.Release|Any CPU.Build.0 = Release|Any CPU
		{2F537A13-F8F2-407E-958C-92BE4CEED132}.Debug|Any CPU.ActiveCfg = Debug|Any CPU
		{2F537A13-F8F2-407E-958C-92BE4CEED132}.Debug|Any CPU.Build.0 = Debug|Any CPU
		{2F537A13-F8F2-407E-958C-92BE4CEED132}.Release|Any CPU.ActiveCfg = Release|Any CPU
		{2F537A13-F8F2-407E-958C-92BE4CEED132}.Release|Any CPU.Build.0 = Release|Any CPU
		{BF4CC6AD-6936-4504-85CA-55DECBE87AD4}.Debug|Any CPU.ActiveCfg = Debug|Any CPU
		{BF4CC6AD-6936-4504-85CA-55DECBE87AD4}.Debug|Any CPU.Build.0 = Debug|Any CPU
		{BF4CC6AD-6936-4504-85CA-55DECBE87AD4}.Release|Any CPU.ActiveCfg = Release|Any CPU
		{BF4CC6AD-6936-4504-85CA-55DECBE87AD4}.Release|Any CPU.Build.0 = Release|Any CPU
		{573B8C6D-3ED6-4770-B615-3AB84E70ADA4}.Debug|Any CPU.ActiveCfg = Debug|Any CPU
		{573B8C6D-3ED6-4770-B615-3AB84E70ADA4}.Debug|Any CPU.Build.0 = Debug|Any CPU
		{573B8C6D-3ED6-4770-B615-3AB84E70ADA4}.Release|Any CPU.ActiveCfg = Release|Any CPU
		{573B8C6D-3ED6-4770-B615-3AB84E70ADA4}.Release|Any CPU.Build.0 = Release|Any CPU
		{31943662-0057-49AF-8105-14AE03AFE2E9}.Debug|Any CPU.ActiveCfg = Debug|Any CPU
		{31943662-0057-49AF-8105-14AE03AFE2E9}.Debug|Any CPU.Build.0 = Debug|Any CPU
		{31943662-0057-49AF-8105-14AE03AFE2E9}.Release|Any CPU.ActiveCfg = Release|Any CPU
		{31943662-0057-49AF-8105-14AE03AFE2E9}.Release|Any CPU.Build.0 = Release|Any CPU
		{AE0E5180-0C0B-4489-BEC0-BF66F4EF5F6E}.Debug|Any CPU.ActiveCfg = Debug|Any CPU
		{AE0E5180-0C0B-4489-BEC0-BF66F4EF5F6E}.Debug|Any CPU.Build.0 = Debug|Any CPU
		{AE0E5180-0C0B-4489-BEC0-BF66F4EF5F6E}.Release|Any CPU.ActiveCfg = Release|Any CPU
		{AE0E5180-0C0B-4489-BEC0-BF66F4EF5F6E}.Release|Any CPU.Build.0 = Release|Any CPU
		{C5920E48-2F46-42DB-B0AC-3781D06AA53D}.Debug|Any CPU.ActiveCfg = Debug|Any CPU
		{C5920E48-2F46-42DB-B0AC-3781D06AA53D}.Debug|Any CPU.Build.0 = Debug|Any CPU
		{C5920E48-2F46-42DB-B0AC-3781D06AA53D}.Release|Any CPU.ActiveCfg = Release|Any CPU
		{C5920E48-2F46-42DB-B0AC-3781D06AA53D}.Release|Any CPU.Build.0 = Release|Any CPU
		{95FC8A80-1161-4B9C-9955-493930467BBF}.Debug|Any CPU.ActiveCfg = Debug|Any CPU
		{95FC8A80-1161-4B9C-9955-493930467BBF}.Debug|Any CPU.Build.0 = Debug|Any CPU
		{95FC8A80-1161-4B9C-9955-493930467BBF}.Release|Any CPU.ActiveCfg = Release|Any CPU
		{95FC8A80-1161-4B9C-9955-493930467BBF}.Release|Any CPU.Build.0 = Release|Any CPU
	EndGlobalSection
	GlobalSection(SolutionProperties) = preSolution
		HideSolutionNode = FALSE
	EndGlobalSection
	GlobalSection(NestedProjects) = preSolution
		{CAE6DC01-A981-480D-859F-C38BECC2A9EE} = {9D3A40BB-FAAB-4C81-819D-353DD9A51272}
		{9003D5B5-4A71-4746-85F0-66A7F2670017} = {9D3A40BB-FAAB-4C81-819D-353DD9A51272}
		{B593B172-E5F4-493B-AE66-7FFC37862A93} = {9D3A40BB-FAAB-4C81-819D-353DD9A51272}
		{076A54BD-F8DD-417D-BEAA-B78A24F419FB} = {9D3A40BB-FAAB-4C81-819D-353DD9A51272}
		{0D61F280-CB0E-4DC5-9683-56DBCA93435D} = {9003D5B5-4A71-4746-85F0-66A7F2670017}
		{5422C622-C022-4837-A679-D63820B9F9A9} = {9003D5B5-4A71-4746-85F0-66A7F2670017}
		{3AB31BD4-5E99-4085-8C10-7635B8BF8659} = {B593B172-E5F4-493B-AE66-7FFC37862A93}
		{5DBDAFFF-1C0C-4A64-91CC-BF6496BDDB86} = {B593B172-E5F4-493B-AE66-7FFC37862A93}
		{D36466C4-6CC5-420C-BB4F-754817D2E782} = {B593B172-E5F4-493B-AE66-7FFC37862A93}
		{892EC716-0AD3-483C-BE97-B67A21938B98} = {B593B172-E5F4-493B-AE66-7FFC37862A93}
		{9AD52F97-2FB3-4256-9750-A7F509C066CF} = {B593B172-E5F4-493B-AE66-7FFC37862A93}
		{45026BDF-D3D9-4821-A8A1-F6BC66BB7914} = {B593B172-E5F4-493B-AE66-7FFC37862A93}
		{6F03A5FF-7C96-478E-B120-CFBC12EC64B2} = {076A54BD-F8DD-417D-BEAA-B78A24F419FB}
		{9C8EAE4A-B78F-40FC-9413-829DB05C8CD3} = {D36466C4-6CC5-420C-BB4F-754817D2E782}
		{40DC9575-B41A-42D0-8E50-B2FDADA77C2C} = {5DBDAFFF-1C0C-4A64-91CC-BF6496BDDB86}
		{95B5D422-8A09-4FF9-8185-BE4053D36E31} = {9AD52F97-2FB3-4256-9750-A7F509C066CF}
		{2F537A13-F8F2-407E-958C-92BE4CEED132} = {892EC716-0AD3-483C-BE97-B67A21938B98}
		{BF4CC6AD-6936-4504-85CA-55DECBE87AD4} = {3AB31BD4-5E99-4085-8C10-7635B8BF8659}
		{573B8C6D-3ED6-4770-B615-3AB84E70ADA4} = {45026BDF-D3D9-4821-A8A1-F6BC66BB7914}
		{31943662-0057-49AF-8105-14AE03AFE2E9} = {9003D5B5-4A71-4746-85F0-66A7F2670017}
		{AE0E5180-0C0B-4489-BEC0-BF66F4EF5F6E} = {9003D5B5-4A71-4746-85F0-66A7F2670017}
		{C5920E48-2F46-42DB-B0AC-3781D06AA53D} = {9003D5B5-4A71-4746-85F0-66A7F2670017}
		{95FC8A80-1161-4B9C-9955-493930467BBF} = {CAE6DC01-A981-480D-859F-C38BECC2A9EE}
	EndGlobalSection
	GlobalSection(ExtensibilityGlobals) = postSolution
		SolutionGuid = {08D5305B-51CC-4BEF-9E5B-766842F28A7A}
	EndGlobalSection
EndGlobal
